
Microsoft Visual Studio Solution File, Format Version 12.00
# Visual Studio 15
VisualStudioVersion = 15.0.27004.2009
MinimumVisualStudioVersion = 10.0.40219.1
Project("{FAE04EC0-301F-11D3-BF4B-00C04F79EFBC}") = "ExpediaExcercise2", "ExpediaExcercise2\ExpediaExcercise2.csproj", "{1C2083E3-74A9-4A84-9862-0C3B6E9DF077}"
EndProject
Global
	GlobalSection(SolutionConfigurationPlatforms) = preSolution
		Debug|Any CPU = Debug|Any CPU
		Release|Any CPU = Release|Any CPU
	EndGlobalSection
	GlobalSection(ProjectConfigurationPlatforms) = postSolution
		{1C2083E3-74A9-4A84-9862-0C3B6E9DF077}.Debug|Any CPU.ActiveCfg = Debug|Any CPU
		{1C2083E3-74A9-4A84-9862-0C3B6E9DF077}.Debug|Any CPU.Build.0 = Debug|Any CPU
		{1C2083E3-74A9-4A84-9862-0C3B6E9DF077}.Release|Any CPU.ActiveCfg = Release|Any CPU
		{1C2083E3-74A9-4A84-9862-0C3B6E9DF077}.Release|Any CPU.Build.0 = Release|Any CPU
	EndGlobalSection
	GlobalSection(SolutionProperties) = preSolution
		HideSolutionNode = FALSE
	EndGlobalSection
	GlobalSection(ExtensibilityGlobals) = postSolution
		SolutionGuid = {34B67447-E4FB-4B6D-8E93-3C1003430492}
	EndGlobalSection
EndGlobal
